
Microsoft Visual Studio Solution File, Format Version 12.00
# Visual Studio Version 17
VisualStudioVersion = 17.1.32228.430
MinimumVisualStudioVersion = 10.0.40219.1
Project("{888888A0-9F3D-457C-B088-3A5042F75D52}") = "Gig_Matching", "Gig_Matching\Gig_Matching.pyproj", "{BE0BE3D1-5619-4D7B-B04B-B89FC9E4C024}"
EndProject
Global
	GlobalSection(SolutionConfigurationPlatforms) = preSolution
		Debug|Any CPU = Debug|Any CPU
		Release|Any CPU = Release|Any CPU
	EndGlobalSection
	GlobalSection(ProjectConfigurationPlatforms) = postSolution
		{BE0BE3D1-5619-4D7B-B04B-B89FC9E4C024}.Debug|Any CPU.ActiveCfg = Debug|Any CPU
		{BE0BE3D1-5619-4D7B-B04B-B89FC9E4C024}.Debug|Any CPU.Build.0 = Debug|Any CPU
		{BE0BE3D1-5619-4D7B-B04B-B89FC9E4C024}.Release|Any CPU.ActiveCfg = Release|Any CPU
		{BE0BE3D1-5619-4D7B-B04B-B89FC9E4C024}.Release|Any CPU.Build.0 = Release|Any CPU
	EndGlobalSection
	GlobalSection(SolutionProperties) = preSolution
		HideSolutionNode = FALSE
	EndGlobalSection
	GlobalSection(ExtensibilityGlobals) = postSolution
		SolutionGuid = {18A4C4BD-3CF1-4D70-9D84-0AA81CEF4B5D}
	EndGlobalSection
EndGlobal
